// !$*UTF8*$!
{
	archiveVersion = 1;
	classes = {
	};
	objectVersion = 60;
	objects = {

/* Begin PBXBuildFile section */
		E316F8DC2B1F4FF7007D2945 /* AppDelegate+Root.swift in Sources */ = {isa = PBXBuildFile; fileRef = E316F8DB2B1F4FF7007D2945 /* AppDelegate+Root.swift */; };
		E316F8DE2B1F52EE007D2945 /* SplashViewController.swift in Sources */ = {isa = PBXBuildFile; fileRef = E316F8DD2B1F52EE007D2945 /* SplashViewController.swift */; };
		E319BA3C2B6BC57300190321 /* FlowCoordinator.swift in Sources */ = {isa = PBXBuildFile; fileRef = E319BA3B2B6BC57300190321 /* FlowCoordinator.swift */; };
		E319BA3E2B6BC61900190321 /* FlowCoordinatorProtocol.swift in Sources */ = {isa = PBXBuildFile; fileRef = E319BA3D2B6BC61900190321 /* FlowCoordinatorProtocol.swift */; };
		E319BA442B6BFF6400190321 /* Assembly.swift in Sources */ = {isa = PBXBuildFile; fileRef = E319BA432B6BFF6400190321 /* Assembly.swift */; };
		E38221C12BF12594009A75BB /* CDFoundation in Frameworks */ = {isa = PBXBuildFile; productRef = E38221C02BF12594009A75BB /* CDFoundation */; };
		E38221C52BF12B19009A75BB /* main.swift in Sources */ = {isa = PBXBuildFile; fileRef = E38221C42BF12B19009A75BB /* main.swift */; };
		E38221C72BF12D9D009A75BB /* CityDiscoverApp.swift in Sources */ = {isa = PBXBuildFile; fileRef = E38221C62BF12D9D009A75BB /* CityDiscoverApp.swift */; };
		E38221CB2BF133B4009A75BB /* Modules in Frameworks */ = {isa = PBXBuildFile; productRef = E38221CA2BF133B4009A75BB /* Modules */; };
		E39CE4DE2B7C12DE00928201 /* Animation in Frameworks */ = {isa = PBXBuildFile; productRef = E39CE4DD2B7C12DE00928201 /* Animation */; };
		E39FF9432BB211530077F29B /* ProfilePresenter.swift in Sources */ = {isa = PBXBuildFile; fileRef = E39FF93F2BB211530077F29B /* ProfilePresenter.swift */; };
		E39FF9442BB211530077F29B /* ProfileRouter.swift in Sources */ = {isa = PBXBuildFile; fileRef = E39FF9402BB211530077F29B /* ProfileRouter.swift */; };
		E39FF9452BB211530077F29B /* ProfileViewController.swift in Sources */ = {isa = PBXBuildFile; fileRef = E39FF9412BB211530077F29B /* ProfileViewController.swift */; };
		E39FF9462BB211530077F29B /* ProfileModuleAssembly.swift in Sources */ = {isa = PBXBuildFile; fileRef = E39FF9422BB211530077F29B /* ProfileModuleAssembly.swift */; };
		E39FF94D2BB223EB0077F29B /* ProfileSections.swift in Sources */ = {isa = PBXBuildFile; fileRef = E39FF94C2BB223EB0077F29B /* ProfileSections.swift */; };
		E3B40FA52B668152006F2316 /* CDUIKit in Frameworks */ = {isa = PBXBuildFile; productRef = E3B40FA42B668152006F2316 /* CDUIKit */; };
		E3B40FA92B6681C3006F2316 /* CDUIKit in Frameworks */ = {isa = PBXBuildFile; productRef = E3B40FA82B6681C3006F2316 /* CDUIKit */; };
		E3B9718D2BACCC0F005D5CB6 /* TabBarContoller.swift in Sources */ = {isa = PBXBuildFile; fileRef = E3B9718C2BACCC0F005D5CB6 /* TabBarContoller.swift */; };
		E3D13F862BB05BE000ED374D /* Place in Frameworks */ = {isa = PBXBuildFile; productRef = E3D13F852BB05BE000ED374D /* Place */; };
		E3D13F892BB05BF300ED374D /* Place in Frameworks */ = {isa = PBXBuildFile; productRef = E3D13F882BB05BF300ED374D /* Place */; };
		E3DCF47A2B6ACE4500057BEB /* SnapKit in Frameworks */ = {isa = PBXBuildFile; productRef = E3DCF4792B6ACE4500057BEB /* SnapKit */; };
		E3DCF4832B6AD80C00057BEB /* Mode.swift in Sources */ = {isa = PBXBuildFile; fileRef = E3DCF4822B6AD80C00057BEB /* Mode.swift */; };
		E3F0C6CC2B69584D00AB6A64 /* Swinject in Frameworks */ = {isa = PBXBuildFile; productRef = E3F0C6CB2B69584D00AB6A64 /* Swinject */; };
		E3F0C6CE2B695AA200AB6A64 /* FlowCoordinator.Assembly.swift in Sources */ = {isa = PBXBuildFile; fileRef = E3F0C6CD2B695AA200AB6A64 /* FlowCoordinator.Assembly.swift */; };
		E3F0C6D22B69628F00AB6A64 /* Authorization in Frameworks */ = {isa = PBXBuildFile; productRef = E3F0C6D12B69628F00AB6A64 /* Authorization */; };
		E3F0C6D52B6962AA00AB6A64 /* Authorization in Frameworks */ = {isa = PBXBuildFile; productRef = E3F0C6D42B6962AA00AB6A64 /* Authorization */; };
		E3F0D8252B1FB54000877580 /* AppDelegate.swift in Sources */ = {isa = PBXBuildFile; fileRef = E3F0D8242B1FB54000877580 /* AppDelegate.swift */; };
		E3F0D8272B1FB54000877580 /* SceneDelegate.swift in Sources */ = {isa = PBXBuildFile; fileRef = E3F0D8262B1FB54000877580 /* SceneDelegate.swift */; };
		E3F0D8292B1FB54000877580 /* RootViewController.swift in Sources */ = {isa = PBXBuildFile; fileRef = E3F0D8282B1FB54000877580 /* RootViewController.swift */; };
		E3F0D82E2B1FB54200877580 /* Assets.xcassets in Resources */ = {isa = PBXBuildFile; fileRef = E3F0D82D2B1FB54200877580 /* Assets.xcassets */; };
		E3F0D8312B1FB54200877580 /* LaunchScreen.storyboard in Resources */ = {isa = PBXBuildFile; fileRef = E3F0D82F2B1FB54200877580 /* LaunchScreen.storyboard */; };
/* End PBXBuildFile section */

/* Begin PBXFileReference section */
		E316F8DB2B1F4FF7007D2945 /* AppDelegate+Root.swift */ = {isa = PBXFileReference; lastKnownFileType = sourcecode.swift; path = "AppDelegate+Root.swift"; sourceTree = "<group>"; };
		E316F8DD2B1F52EE007D2945 /* SplashViewController.swift */ = {isa = PBXFileReference; lastKnownFileType = sourcecode.swift; path = SplashViewController.swift; sourceTree = "<group>"; };
		E319BA3B2B6BC57300190321 /* FlowCoordinator.swift */ = {isa = PBXFileReference; lastKnownFileType = sourcecode.swift; path = FlowCoordinator.swift; sourceTree = "<group>"; };
		E319BA3D2B6BC61900190321 /* FlowCoordinatorProtocol.swift */ = {isa = PBXFileReference; lastKnownFileType = sourcecode.swift; path = FlowCoordinatorProtocol.swift; sourceTree = "<group>"; };
		E319BA432B6BFF6400190321 /* Assembly.swift */ = {isa = PBXFileReference; lastKnownFileType = sourcecode.swift; path = Assembly.swift; sourceTree = "<group>"; };
		E38196552BF13E8600A900CF /* ArchTool */ = {isa = PBXFileReference; lastKnownFileType = wrapper; path = ArchTool; sourceTree = "<group>"; };
		E38221BE2BF11BF2009A75BB /* CDFoundation */ = {isa = PBXFileReference; lastKnownFileType = wrapper; path = CDFoundation; sourceTree = "<group>"; };
		E38221C42BF12B19009A75BB /* main.swift */ = {isa = PBXFileReference; lastKnownFileType = sourcecode.swift; path = main.swift; sourceTree = "<group>"; };
		E38221C62BF12D9D009A75BB /* CityDiscoverApp.swift */ = {isa = PBXFileReference; lastKnownFileType = sourcecode.swift; path = CityDiscoverApp.swift; sourceTree = "<group>"; };
		E38221C82BF1313A009A75BB /* Modules */ = {isa = PBXFileReference; lastKnownFileType = wrapper; path = Modules; sourceTree = "<group>"; };
		E39CE4DB2B7C0F7500928201 /* Animation */ = {isa = PBXFileReference; lastKnownFileType = wrapper; path = Animation; sourceTree = "<group>"; };
		E39FF93F2BB211530077F29B /* ProfilePresenter.swift */ = {isa = PBXFileReference; lastKnownFileType = sourcecode.swift; path = ProfilePresenter.swift; sourceTree = "<group>"; };
		E39FF9402BB211530077F29B /* ProfileRouter.swift */ = {isa = PBXFileReference; lastKnownFileType = sourcecode.swift; path = ProfileRouter.swift; sourceTree = "<group>"; };
		E39FF9412BB211530077F29B /* ProfileViewController.swift */ = {isa = PBXFileReference; lastKnownFileType = sourcecode.swift; path = ProfileViewController.swift; sourceTree = "<group>"; };
		E39FF9422BB211530077F29B /* ProfileModuleAssembly.swift */ = {isa = PBXFileReference; lastKnownFileType = sourcecode.swift; path = ProfileModuleAssembly.swift; sourceTree = "<group>"; };
		E39FF94C2BB223EB0077F29B /* ProfileSections.swift */ = {isa = PBXFileReference; lastKnownFileType = sourcecode.swift; path = ProfileSections.swift; sourceTree = "<group>"; };
		E3B40FA62B6681AC006F2316 /* CDUIKit */ = {isa = PBXFileReference; lastKnownFileType = text; path = CDUIKit; sourceTree = SOURCE_ROOT; };
		E3B9718C2BACCC0F005D5CB6 /* TabBarContoller.swift */ = {isa = PBXFileReference; lastKnownFileType = sourcecode.swift; path = TabBarContoller.swift; sourceTree = "<group>"; };
		E3BB76092BA762F400937E00 /* Networking */ = {isa = PBXFileReference; lastKnownFileType = wrapper; path = Networking; sourceTree = "<group>"; };
		E3C3FBEA2BFA5443003A584B /* SecretStore */ = {isa = PBXFileReference; lastKnownFileType = wrapper; path = SecretStore; sourceTree = "<group>"; };
		E3C3FBED2BFA5A49003A584B /* Map */ = {isa = PBXFileReference; lastKnownFileType = wrapper; path = Map; sourceTree = "<group>"; };
		E3C3FBEE2BFA5A63003A584B /* Game */ = {isa = PBXFileReference; lastKnownFileType = wrapper; path = Game; sourceTree = "<group>"; };
		E3C3FBEF2BFA5A84003A584B /* User */ = {isa = PBXFileReference; lastKnownFileType = wrapper; path = User; sourceTree = "<group>"; };
		E3D13F822BB0576700ED374D /* Place */ = {isa = PBXFileReference; lastKnownFileType = wrapper; path = Place; sourceTree = "<group>"; };
		E3DCF4822B6AD80C00057BEB /* Mode.swift */ = {isa = PBXFileReference; lastKnownFileType = sourcecode.swift; path = Mode.swift; sourceTree = "<group>"; };
		E3F0C6CD2B695AA200AB6A64 /* FlowCoordinator.Assembly.swift */ = {isa = PBXFileReference; lastKnownFileType = sourcecode.swift; path = FlowCoordinator.Assembly.swift; sourceTree = "<group>"; };
		E3F0C6CF2B695E1100AB6A64 /* Authorization */ = {isa = PBXFileReference; lastKnownFileType = wrapper; path = Authorization; sourceTree = "<group>"; };
		E3F0D8212B1FB54000877580 /* CityDiscover.app */ = {isa = PBXFileReference; explicitFileType = wrapper.application; includeInIndex = 0; path = CityDiscover.app; sourceTree = BUILT_PRODUCTS_DIR; };
		E3F0D8242B1FB54000877580 /* AppDelegate.swift */ = {isa = PBXFileReference; lastKnownFileType = sourcecode.swift; path = AppDelegate.swift; sourceTree = "<group>"; };
		E3F0D8262B1FB54000877580 /* SceneDelegate.swift */ = {isa = PBXFileReference; lastKnownFileType = sourcecode.swift; path = SceneDelegate.swift; sourceTree = "<group>"; };
		E3F0D8282B1FB54000877580 /* RootViewController.swift */ = {isa = PBXFileReference; lastKnownFileType = sourcecode.swift; path = RootViewController.swift; sourceTree = "<group>"; };
		E3F0D82D2B1FB54200877580 /* Assets.xcassets */ = {isa = PBXFileReference; lastKnownFileType = folder.assetcatalog; path = Assets.xcassets; sourceTree = "<group>"; };
		E3F0D8302B1FB54200877580 /* Base */ = {isa = PBXFileReference; lastKnownFileType = file.storyboard; name = Base; path = Base.lproj/LaunchScreen.storyboard; sourceTree = "<group>"; };
		E3F0D8322B1FB54200877580 /* Info.plist */ = {isa = PBXFileReference; lastKnownFileType = text.plist.xml; path = Info.plist; sourceTree = "<group>"; };
/* End PBXFileReference section */

/* Begin PBXFrameworksBuildPhase section */
		E3F0D81E2B1FB54000877580 /* Frameworks */ = {
			isa = PBXFrameworksBuildPhase;
			buildActionMask = 2147483647;
			files = (
				E38221C12BF12594009A75BB /* CDFoundation in Frameworks */,
				E38221CB2BF133B4009A75BB /* Modules in Frameworks */,
				E3B40FA92B6681C3006F2316 /* CDUIKit in Frameworks */,
				E3F0C6CC2B69584D00AB6A64 /* Swinject in Frameworks */,
				E3D13F862BB05BE000ED374D /* Place in Frameworks */,
				E3D13F892BB05BF300ED374D /* Place in Frameworks */,
				E39CE4DE2B7C12DE00928201 /* Animation in Frameworks */,
				E3DCF47A2B6ACE4500057BEB /* SnapKit in Frameworks */,
				E3B40FA52B668152006F2316 /* CDUIKit in Frameworks */,
				E3F0C6D52B6962AA00AB6A64 /* Authorization in Frameworks */,
				E3F0C6D22B69628F00AB6A64 /* Authorization in Frameworks */,
			);
			runOnlyForDeploymentPostprocessing = 0;
		};
/* End PBXFrameworksBuildPhase section */

/* Begin PBXGroup section */
		E319BA342B6AE2B700190321 /* Routing */ = {
			isa = PBXGroup;
			children = (
				E319BA3A2B6BC55800190321 /* Coordinator */,
				E319BA392B6BC41400190321 /* Root */,
				E319BA382B6AE4AB00190321 /* Launch */,
			);
			path = Routing;
			sourceTree = "<group>";
		};
		E319BA352B6AE30B00190321 /* Resources */ = {
			isa = PBXGroup;
			children = (
				E3F0D82D2B1FB54200877580 /* Assets.xcassets */,
			);
			path = Resources;
			sourceTree = "<group>";
		};
		E319BA362B6AE36100190321 /* System */ = {
			isa = PBXGroup;
			children = (
				E3F0D8322B1FB54200877580 /* Info.plist */,
				E3F0D8262B1FB54000877580 /* SceneDelegate.swift */,
				E3F0D8242B1FB54000877580 /* AppDelegate.swift */,
				E38221C62BF12D9D009A75BB /* CityDiscoverApp.swift */,
				E38221C42BF12B19009A75BB /* main.swift */,
			);
			path = System;
			sourceTree = "<group>";
		};
		E319BA382B6AE4AB00190321 /* Launch */ = {
			isa = PBXGroup;
			children = (
				E316F8DD2B1F52EE007D2945 /* SplashViewController.swift */,
				E3F0D82F2B1FB54200877580 /* LaunchScreen.storyboard */,
			);
			path = Launch;
			sourceTree = "<group>";
		};
		E319BA392B6BC41400190321 /* Root */ = {
			isa = PBXGroup;
			children = (
				E316F8DB2B1F4FF7007D2945 /* AppDelegate+Root.swift */,
				E3F0D8282B1FB54000877580 /* RootViewController.swift */,
			);
			path = Root;
			sourceTree = "<group>";
		};
		E319BA3A2B6BC55800190321 /* Coordinator */ = {
			isa = PBXGroup;
			children = (
				E319BA3B2B6BC57300190321 /* FlowCoordinator.swift */,
				E319BA3D2B6BC61900190321 /* FlowCoordinatorProtocol.swift */,
				E3F0C6CD2B695AA200AB6A64 /* FlowCoordinator.Assembly.swift */,
			);
			path = Coordinator;
			sourceTree = "<group>";
		};
		E319BA422B6BFF6400190321 /* Assembly */ = {
			isa = PBXGroup;
			children = (
				E319BA432B6BFF6400190321 /* Assembly.swift */,
			);
			path = Assembly;
			sourceTree = "<group>";
		};
		E39FF93E2BB211320077F29B /* Profile */ = {
			isa = PBXGroup;
			children = (
				E39FF9492BB211BB0077F29B /* Router */,
				E39FF9482BB211B20077F29B /* Presenter */,
				E39FF9472BB211A80077F29B /* View */,
				E39FF9422BB211530077F29B /* ProfileModuleAssembly.swift */,
				E39FF94C2BB223EB0077F29B /* ProfileSections.swift */,
			);
			path = Profile;
			sourceTree = "<group>";
		};
		E39FF9472BB211A80077F29B /* View */ = {
			isa = PBXGroup;
			children = (
				E39FF9412BB211530077F29B /* ProfileViewController.swift */,
			);
			path = View;
			sourceTree = "<group>";
		};
		E39FF9482BB211B20077F29B /* Presenter */ = {
			isa = PBXGroup;
			children = (
				E39FF93F2BB211530077F29B /* ProfilePresenter.swift */,
			);
			path = Presenter;
			sourceTree = "<group>";
		};
		E39FF9492BB211BB0077F29B /* Router */ = {
			isa = PBXGroup;
			children = (
				E39FF9402BB211530077F29B /* ProfileRouter.swift */,
			);
			path = Router;
			sourceTree = "<group>";
		};
		E3B9718B2BACCBEF005D5CB6 /* TabBar */ = {
			isa = PBXGroup;
			children = (
				E3B9718C2BACCC0F005D5CB6 /* TabBarContoller.swift */,
			);
			path = TabBar;
			sourceTree = "<group>";
		};
		E3C3FBEB2BFA59D9003A584B /* LC */ = {
			isa = PBXGroup;
			children = (
				E3C3FBEA2BFA5443003A584B /* SecretStore */,
				E38196552BF13E8600A900CF /* ArchTool */,
				E38221C82BF1313A009A75BB /* Modules */,
				E38221BE2BF11BF2009A75BB /* CDFoundation */,
				E3BB76092BA762F400937E00 /* Networking */,
				E39CE4DB2B7C0F7500928201 /* Animation */,
				E3B40FA62B6681AC006F2316 /* CDUIKit */,
			);
			name = LC;
			sourceTree = "<group>";
		};
		E3C3FBEC2BFA59EF003A584B /* L2 */ = {
			isa = PBXGroup;
			children = (
				E3C3FBEF2BFA5A84003A584B /* User */,
				E3C3FBEE2BFA5A63003A584B /* Game */,
				E3C3FBED2BFA5A49003A584B /* Map */,
				E3D13F822BB0576700ED374D /* Place */,
				E3F0C6CF2B695E1100AB6A64 /* Authorization */,
			);
			name = L2;
			sourceTree = "<group>";
		};
		E3DCF47B2B6AD5FB00057BEB /* UI */ = {
			isa = PBXGroup;
			children = (
				E3DCF4812B6AD7F100057BEB /* Thema */,
			);
			path = UI;
			sourceTree = "<group>";
		};
		E3DCF4812B6AD7F100057BEB /* Thema */ = {
			isa = PBXGroup;
			children = (
				E3DCF4822B6AD80C00057BEB /* Mode.swift */,
			);
			path = Thema;
			sourceTree = "<group>";
		};
		E3F0C6D02B69628F00AB6A64 /* Frameworks */ = {
			isa = PBXGroup;
			children = (
			);
			name = Frameworks;
			sourceTree = "<group>";
		};
		E3F0D8182B1FB53F00877580 = {
			isa = PBXGroup;
			children = (
				E3C3FBEB2BFA59D9003A584B /* LC */,
				E3C3FBEC2BFA59EF003A584B /* L2 */,
				E3F0D8232B1FB54000877580 /* CityDiscover */,
				E3F0D8222B1FB54000877580 /* Products */,
				E3F0C6D02B69628F00AB6A64 /* Frameworks */,
			);
			sourceTree = "<group>";
		};
		E3F0D8222B1FB54000877580 /* Products */ = {
			isa = PBXGroup;
			children = (
				E3F0D8212B1FB54000877580 /* CityDiscover.app */,
			);
			name = Products;
			sourceTree = "<group>";
		};
		E3F0D8232B1FB54000877580 /* CityDiscover */ = {
			isa = PBXGroup;
			children = (
				E39FF93E2BB211320077F29B /* Profile */,
				E3B9718B2BACCBEF005D5CB6 /* TabBar */,
				E319BA422B6BFF6400190321 /* Assembly */,
				E319BA362B6AE36100190321 /* System */,
				E319BA352B6AE30B00190321 /* Resources */,
				E319BA342B6AE2B700190321 /* Routing */,
				E3DCF47B2B6AD5FB00057BEB /* UI */,
			);
			path = CityDiscover;
			sourceTree = "<group>";
		};
/* End PBXGroup section */

/* Begin PBXNativeTarget section */
		E3F0D8202B1FB54000877580 /* CityDiscover */ = {
			isa = PBXNativeTarget;
			buildConfigurationList = E3F0D8352B1FB54200877580 /* Build configuration list for PBXNativeTarget "CityDiscover" */;
			buildPhases = (
				E3F0D81D2B1FB54000877580 /* Sources */,
				E3F0D81E2B1FB54000877580 /* Frameworks */,
				E3F0D81F2B1FB54000877580 /* Resources */,
			);
			buildRules = (
			);
			dependencies = (
			);
			name = CityDiscover;
			packageProductDependencies = (
				E3B40FA42B668152006F2316 /* CDUIKit */,
				E3B40FA82B6681C3006F2316 /* CDUIKit */,
				E3DCF4792B6ACE4500057BEB /* SnapKit */,
				E3F0C6CB2B69584D00AB6A64 /* Swinject */,
				E3F0C6D12B69628F00AB6A64 /* Authorization */,
				E3F0C6D42B6962AA00AB6A64 /* Authorization */,
				E39CE4DD2B7C12DE00928201 /* Animation */,
				E3D13F852BB05BE000ED374D /* Place */,
				E3D13F882BB05BF300ED374D /* Place */,
				E38221C02BF12594009A75BB /* CDFoundation */,
				E38221CA2BF133B4009A75BB /* Modules */,
			);
			productName = CityDiscover;
			productReference = E3F0D8212B1FB54000877580 /* CityDiscover.app */;
			productType = "com.apple.product-type.application";
		};
/* End PBXNativeTarget section */

/* Begin PBXProject section */
		E3F0D8192B1FB53F00877580 /* Project object */ = {
			isa = PBXProject;
			attributes = {
				BuildIndependentTargetsInParallel = 1;
				LastSwiftUpdateCheck = 1500;
				LastUpgradeCheck = 1500;
				TargetAttributes = {
					E3F0D8202B1FB54000877580 = {
						CreatedOnToolsVersion = 15.0.1;
					};
				};
			};
			buildConfigurationList = E3F0D81C2B1FB53F00877580 /* Build configuration list for PBXProject "CityDiscover" */;
			compatibilityVersion = "Xcode 14.0";
			developmentRegion = en;
			hasScannedForEncodings = 0;
			knownRegions = (
				en,
				Base,
			);
			mainGroup = E3F0D8182B1FB53F00877580;
			packageReferences = (
				E3B40FA72B6681C3006F2316 /* XCLocalSwiftPackageReference "CDUIKit" */,
				E3DCF4782B6ACE4500057BEB /* XCRemoteSwiftPackageReference "SnapKit" */,
				E3F0C6CA2B69584D00AB6A64 /* XCRemoteSwiftPackageReference "Swinject" */,
				E3F0C6D32B6962AA00AB6A64 /* XCLocalSwiftPackageReference "Authorization" */,
				E39CE4DC2B7C12DE00928201 /* XCLocalSwiftPackageReference "Animation" */,
				E3D13F872BB05BF300ED374D /* XCLocalSwiftPackageReference "Place" */,
				E38221BF2BF12594009A75BB /* XCLocalSwiftPackageReference "CDFoundation" */,
				E38221C92BF133B4009A75BB /* XCLocalSwiftPackageReference "Modules" */,
			);
			productRefGroup = E3F0D8222B1FB54000877580 /* Products */;
			projectDirPath = "";
			projectRoot = "";
			targets = (
				E3F0D8202B1FB54000877580 /* CityDiscover */,
			);
		};
/* End PBXProject section */

/* Begin PBXResourcesBuildPhase section */
		E3F0D81F2B1FB54000877580 /* Resources */ = {
			isa = PBXResourcesBuildPhase;
			buildActionMask = 2147483647;
			files = (
				E3F0D8312B1FB54200877580 /* LaunchScreen.storyboard in Resources */,
				E3F0D82E2B1FB54200877580 /* Assets.xcassets in Resources */,
			);
			runOnlyForDeploymentPostprocessing = 0;
		};
/* End PBXResourcesBuildPhase section */

/* Begin PBXSourcesBuildPhase section */
		E3F0D81D2B1FB54000877580 /* Sources */ = {
			isa = PBXSourcesBuildPhase;
			buildActionMask = 2147483647;
			files = (
				E3B9718D2BACCC0F005D5CB6 /* TabBarContoller.swift in Sources */,
				E319BA442B6BFF6400190321 /* Assembly.swift in Sources */,
				E316F8DC2B1F4FF7007D2945 /* AppDelegate+Root.swift in Sources */,
				E3F0D8292B1FB54000877580 /* RootViewController.swift in Sources */,
				E3DCF4832B6AD80C00057BEB /* Mode.swift in Sources */,
				E3F0D8252B1FB54000877580 /* AppDelegate.swift in Sources */,
				E39FF9452BB211530077F29B /* ProfileViewController.swift in Sources */,
				E38221C52BF12B19009A75BB /* main.swift in Sources */,
				E39FF94D2BB223EB0077F29B /* ProfileSections.swift in Sources */,
				E319BA3C2B6BC57300190321 /* FlowCoordinator.swift in Sources */,
				E3F0D8272B1FB54000877580 /* SceneDelegate.swift in Sources */,
				E3F0C6CE2B695AA200AB6A64 /* FlowCoordinator.Assembly.swift in Sources */,
				E38221C72BF12D9D009A75BB /* CityDiscoverApp.swift in Sources */,
				E39FF9442BB211530077F29B /* ProfileRouter.swift in Sources */,
				E319BA3E2B6BC61900190321 /* FlowCoordinatorProtocol.swift in Sources */,
				E39FF9432BB211530077F29B /* ProfilePresenter.swift in Sources */,
				E316F8DE2B1F52EE007D2945 /* SplashViewController.swift in Sources */,
				E39FF9462BB211530077F29B /* ProfileModuleAssembly.swift in Sources */,
			);
			runOnlyForDeploymentPostprocessing = 0;
		};
/* End PBXSourcesBuildPhase section */

/* Begin PBXVariantGroup section */
		E3F0D82F2B1FB54200877580 /* LaunchScreen.storyboard */ = {
			isa = PBXVariantGroup;
			children = (
				E3F0D8302B1FB54200877580 /* Base */,
			);
			name = LaunchScreen.storyboard;
			sourceTree = "<group>";
		};
/* End PBXVariantGroup section */

/* Begin XCBuildConfiguration section */
		E3F0D8332B1FB54200877580 /* Debug */ = {
			isa = XCBuildConfiguration;
			buildSettings = {
				ALWAYS_SEARCH_USER_PATHS = NO;
				ASSETCATALOG_COMPILER_GENERATE_SWIFT_ASSET_SYMBOL_EXTENSIONS = YES;
				CLANG_ANALYZER_NONNULL = YES;
				CLANG_ANALYZER_NUMBER_OBJECT_CONVERSION = YES_AGGRESSIVE;
				CLANG_CXX_LANGUAGE_STANDARD = "gnu++20";
				CLANG_ENABLE_MODULES = YES;
				CLANG_ENABLE_OBJC_ARC = YES;
				CLANG_ENABLE_OBJC_WEAK = YES;
				CLANG_WARN_BLOCK_CAPTURE_AUTORELEASING = YES;
				CLANG_WARN_BOOL_CONVERSION = YES;
				CLANG_WARN_COMMA = YES;
				CLANG_WARN_CONSTANT_CONVERSION = YES;
				CLANG_WARN_DEPRECATED_OBJC_IMPLEMENTATIONS = YES;
				CLANG_WARN_DIRECT_OBJC_ISA_USAGE = YES_ERROR;
				CLANG_WARN_DOCUMENTATION_COMMENTS = YES;
				CLANG_WARN_EMPTY_BODY = YES;
				CLANG_WARN_ENUM_CONVERSION = YES;
				CLANG_WARN_INFINITE_RECURSION = YES;
				CLANG_WARN_INT_CONVERSION = YES;
				CLANG_WARN_NON_LITERAL_NULL_CONVERSION = YES;
				CLANG_WARN_OBJC_IMPLICIT_RETAIN_SELF = YES;
				CLANG_WARN_OBJC_LITERAL_CONVERSION = YES;
				CLANG_WARN_OBJC_ROOT_CLASS = YES_ERROR;
				CLANG_WARN_QUOTED_INCLUDE_IN_FRAMEWORK_HEADER = YES;
				CLANG_WARN_RANGE_LOOP_ANALYSIS = YES;
				CLANG_WARN_STRICT_PROTOTYPES = YES;
				CLANG_WARN_SUSPICIOUS_MOVE = YES;
				CLANG_WARN_UNGUARDED_AVAILABILITY = YES_AGGRESSIVE;
				CLANG_WARN_UNREACHABLE_CODE = YES;
				CLANG_WARN__DUPLICATE_METHOD_MATCH = YES;
				COPY_PHASE_STRIP = NO;
				DEBUG_INFORMATION_FORMAT = dwarf;
				ENABLE_STRICT_OBJC_MSGSEND = YES;
				ENABLE_TESTABILITY = YES;
				ENABLE_USER_SCRIPT_SANDBOXING = YES;
				GCC_C_LANGUAGE_STANDARD = gnu17;
				GCC_DYNAMIC_NO_PIC = NO;
				GCC_NO_COMMON_BLOCKS = YES;
				GCC_OPTIMIZATION_LEVEL = 0;
				GCC_PREPROCESSOR_DEFINITIONS = (
					"DEBUG=1",
					"$(inherited)",
				);
				GCC_WARN_64_TO_32_BIT_CONVERSION = YES;
				GCC_WARN_ABOUT_RETURN_TYPE = YES_ERROR;
				GCC_WARN_UNDECLARED_SELECTOR = YES;
				GCC_WARN_UNINITIALIZED_AUTOS = YES_AGGRESSIVE;
				GCC_WARN_UNUSED_FUNCTION = YES;
				GCC_WARN_UNUSED_VARIABLE = YES;
				IPHONEOS_DEPLOYMENT_TARGET = 17.0;
				LOCALIZATION_PREFERS_STRING_CATALOGS = YES;
				MTL_ENABLE_DEBUG_INFO = INCLUDE_SOURCE;
				MTL_FAST_MATH = YES;
				ONLY_ACTIVE_ARCH = YES;
				SDKROOT = iphoneos;
				SWIFT_ACTIVE_COMPILATION_CONDITIONS = "DEBUG $(inherited)";
				SWIFT_OPTIMIZATION_LEVEL = "-Onone";
			};
			name = Debug;
		};
		E3F0D8342B1FB54200877580 /* Release */ = {
			isa = XCBuildConfiguration;
			buildSettings = {
				ALWAYS_SEARCH_USER_PATHS = NO;
				ASSETCATALOG_COMPILER_GENERATE_SWIFT_ASSET_SYMBOL_EXTENSIONS = YES;
				CLANG_ANALYZER_NONNULL = YES;
				CLANG_ANALYZER_NUMBER_OBJECT_CONVERSION = YES_AGGRESSIVE;
				CLANG_CXX_LANGUAGE_STANDARD = "gnu++20";
				CLANG_ENABLE_MODULES = YES;
				CLANG_ENABLE_OBJC_ARC = YES;
				CLANG_ENABLE_OBJC_WEAK = YES;
				CLANG_WARN_BLOCK_CAPTURE_AUTORELEASING = YES;
				CLANG_WARN_BOOL_CONVERSION = YES;
				CLANG_WARN_COMMA = YES;
				CLANG_WARN_CONSTANT_CONVERSION = YES;
				CLANG_WARN_DEPRECATED_OBJC_IMPLEMENTATIONS = YES;
				CLANG_WARN_DIRECT_OBJC_ISA_USAGE = YES_ERROR;
				CLANG_WARN_DOCUMENTATION_COMMENTS = YES;
				CLANG_WARN_EMPTY_BODY = YES;
				CLANG_WARN_ENUM_CONVERSION = YES;
				CLANG_WARN_INFINITE_RECURSION = YES;
				CLANG_WARN_INT_CONVERSION = YES;
				CLANG_WARN_NON_LITERAL_NULL_CONVERSION = YES;
				CLANG_WARN_OBJC_IMPLICIT_RETAIN_SELF = YES;
				CLANG_WARN_OBJC_LITERAL_CONVERSION = YES;
				CLANG_WARN_OBJC_ROOT_CLASS = YES_ERROR;
				CLANG_WARN_QUOTED_INCLUDE_IN_FRAMEWORK_HEADER = YES;
				CLANG_WARN_RANGE_LOOP_ANALYSIS = YES;
				CLANG_WARN_STRICT_PROTOTYPES = YES;
				CLANG_WARN_SUSPICIOUS_MOVE = YES;
				CLANG_WARN_UNGUARDED_AVAILABILITY = YES_AGGRESSIVE;
				CLANG_WARN_UNREACHABLE_CODE = YES;
				CLANG_WARN__DUPLICATE_METHOD_MATCH = YES;
				COPY_PHASE_STRIP = NO;
				DEBUG_INFORMATION_FORMAT = "dwarf-with-dsym";
				ENABLE_NS_ASSERTIONS = NO;
				ENABLE_STRICT_OBJC_MSGSEND = YES;
				ENABLE_USER_SCRIPT_SANDBOXING = YES;
				GCC_C_LANGUAGE_STANDARD = gnu17;
				GCC_NO_COMMON_BLOCKS = YES;
				GCC_WARN_64_TO_32_BIT_CONVERSION = YES;
				GCC_WARN_ABOUT_RETURN_TYPE = YES_ERROR;
				GCC_WARN_UNDECLARED_SELECTOR = YES;
				GCC_WARN_UNINITIALIZED_AUTOS = YES_AGGRESSIVE;
				GCC_WARN_UNUSED_FUNCTION = YES;
				GCC_WARN_UNUSED_VARIABLE = YES;
				IPHONEOS_DEPLOYMENT_TARGET = 17.0;
				LOCALIZATION_PREFERS_STRING_CATALOGS = YES;
				MTL_ENABLE_DEBUG_INFO = NO;
				MTL_FAST_MATH = YES;
				SDKROOT = iphoneos;
				SWIFT_COMPILATION_MODE = wholemodule;
				VALIDATE_PRODUCT = YES;
			};
			name = Release;
		};
		E3F0D8362B1FB54200877580 /* Debug */ = {
			isa = XCBuildConfiguration;
			buildSettings = {
				ASSETCATALOG_COMPILER_APPICON_NAME = AppIcon;
				ASSETCATALOG_COMPILER_GLOBAL_ACCENT_COLOR_NAME = AccentColor;
				CODE_SIGN_STYLE = Automatic;
				CURRENT_PROJECT_VERSION = 0;
				DEVELOPMENT_TEAM = LJQ6356456;
				GENERATE_INFOPLIST_FILE = YES;
				INFOPLIST_FILE = CityDiscover/System/Info.plist;
				INFOPLIST_KEY_UIApplicationSupportsIndirectInputEvents = YES;
				INFOPLIST_KEY_UILaunchStoryboardName = LaunchScreen.storyboard;
				INFOPLIST_KEY_UISupportedInterfaceOrientations_iPad = "UIInterfaceOrientationPortrait UIInterfaceOrientationPortraitUpsideDown UIInterfaceOrientationLandscapeLeft UIInterfaceOrientationLandscapeRight";
				INFOPLIST_KEY_UISupportedInterfaceOrientations_iPhone = "UIInterfaceOrientationPortrait UIInterfaceOrientationLandscapeLeft UIInterfaceOrientationLandscapeRight";
				IPHONEOS_DEPLOYMENT_TARGET = 15.0;
				LD_RUNPATH_SEARCH_PATHS = (
					"$(inherited)",
					"@executable_path/Frameworks",
				);
				MARKETING_VERSION = 0.0.1;
				PRODUCT_BUNDLE_IDENTIFIER = ru.project.CityDiscover;
				PRODUCT_NAME = "$(TARGET_NAME)";
				SWIFT_EMIT_LOC_STRINGS = YES;
				SWIFT_VERSION = 5.0;
				TARGETED_DEVICE_FAMILY = "1,2";
			};
			name = Debug;
		};
		E3F0D8372B1FB54200877580 /* Release */ = {
			isa = XCBuildConfiguration;
			buildSettings = {
				ASSETCATALOG_COMPILER_APPICON_NAME = AppIcon;
				ASSETCATALOG_COMPILER_GLOBAL_ACCENT_COLOR_NAME = AccentColor;
				CODE_SIGN_STYLE = Automatic;
				CURRENT_PROJECT_VERSION = 0;
				DEVELOPMENT_TEAM = LJQ6356456;
				GENERATE_INFOPLIST_FILE = YES;
				INFOPLIST_FILE = CityDiscover/System/Info.plist;
				INFOPLIST_KEY_UIApplicationSupportsIndirectInputEvents = YES;
				INFOPLIST_KEY_UILaunchStoryboardName = LaunchScreen.storyboard;
				INFOPLIST_KEY_UISupportedInterfaceOrientations_iPad = "UIInterfaceOrientationPortrait UIInterfaceOrientationPortraitUpsideDown UIInterfaceOrientationLandscapeLeft UIInterfaceOrientationLandscapeRight";
				INFOPLIST_KEY_UISupportedInterfaceOrientations_iPhone = "UIInterfaceOrientationPortrait UIInterfaceOrientationLandscapeLeft UIInterfaceOrientationLandscapeRight";
				IPHONEOS_DEPLOYMENT_TARGET = 15.0;
				LD_RUNPATH_SEARCH_PATHS = (
					"$(inherited)",
					"@executable_path/Frameworks",
				);
				MARKETING_VERSION = 0.0.1;
				PRODUCT_BUNDLE_IDENTIFIER = ru.project.CityDiscover;
				PRODUCT_NAME = "$(TARGET_NAME)";
				SWIFT_EMIT_LOC_STRINGS = YES;
				SWIFT_VERSION = 5.0;
				TARGETED_DEVICE_FAMILY = "1,2";
			};
			name = Release;
		};
/* End XCBuildConfiguration section */

/* Begin XCConfigurationList section */
		E3F0D81C2B1FB53F00877580 /* Build configuration list for PBXProject "CityDiscover" */ = {
			isa = XCConfigurationList;
			buildConfigurations = (
				E3F0D8332B1FB54200877580 /* Debug */,
				E3F0D8342B1FB54200877580 /* Release */,
			);
			defaultConfigurationIsVisible = 0;
			defaultConfigurationName = Release;
		};
		E3F0D8352B1FB54200877580 /* Build configuration list for PBXNativeTarget "CityDiscover" */ = {
			isa = XCConfigurationList;
			buildConfigurations = (
				E3F0D8362B1FB54200877580 /* Debug */,
				E3F0D8372B1FB54200877580 /* Release */,
			);
			defaultConfigurationIsVisible = 0;
			defaultConfigurationName = Release;
		};
/* End XCConfigurationList section */

/* Begin XCLocalSwiftPackageReference section */
		E38221BF2BF12594009A75BB /* XCLocalSwiftPackageReference "CDFoundation" */ = {
			isa = XCLocalSwiftPackageReference;
			relativePath = CDFoundation;
		};
		E38221C92BF133B4009A75BB /* XCLocalSwiftPackageReference "Modules" */ = {
			isa = XCLocalSwiftPackageReference;
			relativePath = Modules;
		};
		E39CE4DC2B7C12DE00928201 /* XCLocalSwiftPackageReference "Animation" */ = {
			isa = XCLocalSwiftPackageReference;
			relativePath = Animation;
		};
		E3B40FA72B6681C3006F2316 /* XCLocalSwiftPackageReference "CDUIKit" */ = {
			isa = XCLocalSwiftPackageReference;
			relativePath = CDUIKit;
		};
		E3D13F872BB05BF300ED374D /* XCLocalSwiftPackageReference "Place" */ = {
			isa = XCLocalSwiftPackageReference;
			relativePath = Place;
		};
		E3F0C6D32B6962AA00AB6A64 /* XCLocalSwiftPackageReference "Authorization" */ = {
			isa = XCLocalSwiftPackageReference;
			relativePath = Authorization;
		};
/* End XCLocalSwiftPackageReference section */

/* Begin XCRemoteSwiftPackageReference section */
		E3DCF4782B6ACE4500057BEB /* XCRemoteSwiftPackageReference "SnapKit" */ = {
			isa = XCRemoteSwiftPackageReference;
			repositoryURL = "https://github.com/SnapKit/SnapKit.git";
			requirement = {
				kind = upToNextMajorVersion;
				minimumVersion = 5.7.0;
			};
		};
		E3F0C6CA2B69584D00AB6A64 /* XCRemoteSwiftPackageReference "Swinject" */ = {
			isa = XCRemoteSwiftPackageReference;
			repositoryURL = "https://github.com/Swinject/Swinject.git";
			requirement = {
				kind = upToNextMajorVersion;
				minimumVersion = 2.8.4;
			};
		};
/* End XCRemoteSwiftPackageReference section */

/* Begin XCSwiftPackageProductDependency section */
		E38221C02BF12594009A75BB /* CDFoundation */ = {
			isa = XCSwiftPackageProductDependency;
			productName = CDFoundation;
		};
		E38221CA2BF133B4009A75BB /* Modules */ = {
			isa = XCSwiftPackageProductDependency;
			productName = Modules;
		};
		E39CE4DD2B7C12DE00928201 /* Animation */ = {
			isa = XCSwiftPackageProductDependency;
			productName = Animation;
		};
		E3B40FA42B668152006F2316 /* CDUIKit */ = {
			isa = XCSwiftPackageProductDependency;
			productName = CDUIKit;
		};
		E3B40FA82B6681C3006F2316 /* CDUIKit */ = {
			isa = XCSwiftPackageProductDependency;
			productName = CDUIKit;
		};
		E3D13F852BB05BE000ED374D /* Place */ = {
			isa = XCSwiftPackageProductDependency;
			productName = Place;
		};
		E3D13F882BB05BF300ED374D /* Place */ = {
			isa = XCSwiftPackageProductDependency;
			productName = Place;
		};
		E3DCF4792B6ACE4500057BEB /* SnapKit */ = {
			isa = XCSwiftPackageProductDependency;
			package = E3DCF4782B6ACE4500057BEB /* XCRemoteSwiftPackageReference "SnapKit" */;
			productName = SnapKit;
		};
		E3F0C6CB2B69584D00AB6A64 /* Swinject */ = {
			isa = XCSwiftPackageProductDependency;
			package = E3F0C6CA2B69584D00AB6A64 /* XCRemoteSwiftPackageReference "Swinject" */;
			productName = Swinject;
		};
		E3F0C6D12B69628F00AB6A64 /* Authorization */ = {
			isa = XCSwiftPackageProductDependency;
			productName = Authorization;
		};
		E3F0C6D42B6962AA00AB6A64 /* Authorization */ = {
			isa = XCSwiftPackageProductDependency;
			productName = Authorization;
		};
/* End XCSwiftPackageProductDependency section */
	};
	rootObject = E3F0D8192B1FB53F00877580 /* Project object */;
}
